
Microsoft Visual Studio Solution File, Format Version 12.00
# Visual Studio Version 16
VisualStudioVersion = 16.0.29728.190
MinimumVisualStudioVersion = 10.0.40219.1
Project("{FAE04EC0-301F-11D3-BF4B-00C04F79EFBC}") = "XamarinFormsTest", "XamarinFormsTest\XamarinFormsTest\XamarinFormsTest.csproj", "{3D1604A9-FF28-4D72-8584-1701859DC818}"
EndProject
Project("{FAE04EC0-301F-11D3-BF4B-00C04F79EFBC}") = "XamarinFormsTest.Android", "XamarinFormsTest\XamarinFormsTest.Android\XamarinFormsTest.Android.csproj", "{9A3B676C-366A-4496-BB97-CF90EB7AFB20}"
EndProject
Global
	GlobalSection(SolutionConfigurationPlatforms) = preSolution
		Debug|Any CPU = Debug|Any CPU
		Release|Any CPU = Release|Any CPU
	EndGlobalSection
	GlobalSection(ProjectConfigurationPlatforms) = postSolution
		{3D1604A9-FF28-4D72-8584-1701859DC818}.Debug|Any CPU.ActiveCfg = Debug|Any CPU
		{3D1604A9-FF28-4D72-8584-1701859DC818}.Debug|Any CPU.Build.0 = Debug|Any CPU
		{3D1604A9-FF28-4D72-8584-1701859DC818}.Release|Any CPU.ActiveCfg = Release|Any CPU
		{3D1604A9-FF28-4D72-8584-1701859DC818}.Release|Any CPU.Build.0 = Release|Any CPU
		{9A3B676C-366A-4496-BB97-CF90EB7AFB20}.Debug|Any CPU.ActiveCfg = Debug|Any CPU
		{9A3B676C-366A-4496-BB97-CF90EB7AFB20}.Debug|Any CPU.Build.0 = Debug|Any CPU
		{9A3B676C-366A-4496-BB97-CF90EB7AFB20}.Debug|Any CPU.Deploy.0 = Debug|Any CPU
		{9A3B676C-366A-4496-BB97-CF90EB7AFB20}.Release|Any CPU.ActiveCfg = Release|Any CPU
		{9A3B676C-366A-4496-BB97-CF90EB7AFB20}.Release|Any CPU.Build.0 = Release|Any CPU
		{9A3B676C-366A-4496-BB97-CF90EB7AFB20}.Release|Any CPU.Deploy.0 = Release|Any CPU
	EndGlobalSection
	GlobalSection(SolutionProperties) = preSolution
		HideSolutionNode = FALSE
	EndGlobalSection
	GlobalSection(ExtensibilityGlobals) = postSolution
		SolutionGuid = {4F30F280-74CE-43FD-A389-6C8C42AEF2DB}
	EndGlobalSection
EndGlobal
